// !$*UTF8*$!
{
	archiveVersion = 1;
	classes = {
	};
	objectVersion = 56;
	objects = {

/* Begin PBXBuildFile section */
		1AA38CAD29D34BB700DB3F60 /* AppDelegate.swift in Sources */ = {isa = PBXBuildFile; fileRef = 1AA38CAC29D34BB700DB3F60 /* AppDelegate.swift */; };
		1AA38CB129D34BB700DB3F60 /* ViewController.swift in Sources */ = {isa = PBXBuildFile; fileRef = 1AA38CB029D34BB700DB3F60 /* ViewController.swift */; };
		1AA38CB629D34BB900DB3F60 /* Assets.xcassets in Resources */ = {isa = PBXBuildFile; fileRef = 1AA38CB529D34BB900DB3F60 /* Assets.xcassets */; };
		1AA38CB929D34BB900DB3F60 /* LaunchScreen.storyboard in Resources */ = {isa = PBXBuildFile; fileRef = 1AA38CB729D34BB900DB3F60 /* LaunchScreen.storyboard */; };
		1AA38CC229D34F0000DB3F60 /* PureLayout in Frameworks */ = {isa = PBXBuildFile; productRef = 1AA38CC129D34F0000DB3F60 /* PureLayout */; };
		1AA38CC629D3516700DB3F60 /* CompactContentView.swift in Sources */ = {isa = PBXBuildFile; fileRef = 1AA38CC529D3516700DB3F60 /* CompactContentView.swift */; };
		1AA38CC829D3517700DB3F60 /* FullContentView.swift in Sources */ = {isa = PBXBuildFile; fileRef = 1AA38CC729D3517700DB3F60 /* FullContentView.swift */; };
		1AA38CCC29D3539000DB3F60 /* ContentCell.swift in Sources */ = {isa = PBXBuildFile; fileRef = 1AA38CCB29D3539000DB3F60 /* ContentCell.swift */; };
		1AA38CD129D3550F00DB3F60 /* ContentListView.swift in Sources */ = {isa = PBXBuildFile; fileRef = 1AA38CD029D3550F00DB3F60 /* ContentListView.swift */; };
		1AA38CD429D43F7900DB3F60 /* ExpandingCellPresenter.swift in Sources */ = {isa = PBXBuildFile; fileRef = 1AA38CD329D43F7900DB3F60 /* ExpandingCellPresenter.swift */; };
/* End PBXBuildFile section */

/* Begin PBXFileReference section */
		1AA38CA929D34BB700DB3F60 /* ExpandingCellPresenter.app */ = {isa = PBXFileReference; explicitFileType = wrapper.application; includeInIndex = 0; path = ExpandingCellPresenter.app; sourceTree = BUILT_PRODUCTS_DIR; };
		1AA38CAC29D34BB700DB3F60 /* AppDelegate.swift */ = {isa = PBXFileReference; lastKnownFileType = sourcecode.swift; path = AppDelegate.swift; sourceTree = "<group>"; };
		1AA38CB029D34BB700DB3F60 /* ViewController.swift */ = {isa = PBXFileReference; lastKnownFileType = sourcecode.swift; path = ViewController.swift; sourceTree = "<group>"; };
		1AA38CB529D34BB900DB3F60 /* Assets.xcassets */ = {isa = PBXFileReference; lastKnownFileType = folder.assetcatalog; path = Assets.xcassets; sourceTree = "<group>"; };
		1AA38CB829D34BB900DB3F60 /* Base */ = {isa = PBXFileReference; lastKnownFileType = file.storyboard; name = Base; path = Base.lproj/LaunchScreen.storyboard; sourceTree = "<group>"; };
		1AA38CBA29D34BB900DB3F60 /* Info.plist */ = {isa = PBXFileReference; lastKnownFileType = text.plist.xml; path = Info.plist; sourceTree = "<group>"; };
		1AA38CC529D3516700DB3F60 /* CompactContentView.swift */ = {isa = PBXFileReference; lastKnownFileType = sourcecode.swift; path = CompactContentView.swift; sourceTree = "<group>"; };
		1AA38CC729D3517700DB3F60 /* FullContentView.swift */ = {isa = PBXFileReference; lastKnownFileType = sourcecode.swift; path = FullContentView.swift; sourceTree = "<group>"; };
		1AA38CCB29D3539000DB3F60 /* ContentCell.swift */ = {isa = PBXFileReference; lastKnownFileType = sourcecode.swift; path = ContentCell.swift; sourceTree = "<group>"; };
		1AA38CD029D3550F00DB3F60 /* ContentListView.swift */ = {isa = PBXFileReference; lastKnownFileType = sourcecode.swift; path = ContentListView.swift; sourceTree = "<group>"; };
		1AA38CD329D43F7900DB3F60 /* ExpandingCellPresenter.swift */ = {isa = PBXFileReference; lastKnownFileType = sourcecode.swift; path = ExpandingCellPresenter.swift; sourceTree = "<group>"; };
/* End PBXFileReference section */

/* Begin PBXFrameworksBuildPhase section */
		1AA38CA629D34BB700DB3F60 /* Frameworks */ = {
			isa = PBXFrameworksBuildPhase;
			buildActionMask = 2147483647;
			files = (
				1AA38CC229D34F0000DB3F60 /* PureLayout in Frameworks */,
			);
			runOnlyForDeploymentPostprocessing = 0;
		};
/* End PBXFrameworksBuildPhase section */

/* Begin PBXGroup section */
		1AA38CA029D34BB700DB3F60 = {
			isa = PBXGroup;
			children = (
				1AA38CAB29D34BB700DB3F60 /* ExpandingCellPresenter */,
				1AA38CAA29D34BB700DB3F60 /* Products */,
			);
			sourceTree = "<group>";
		};
		1AA38CAA29D34BB700DB3F60 /* Products */ = {
			isa = PBXGroup;
			children = (
				1AA38CA929D34BB700DB3F60 /* ExpandingCellPresenter.app */,
			);
			name = Products;
			sourceTree = "<group>";
		};
		1AA38CAB29D34BB700DB3F60 /* ExpandingCellPresenter */ = {
			isa = PBXGroup;
			children = (
				1AA38CC329D3507A00DB3F60 /* UI */,
				1AA38CB029D34BB700DB3F60 /* ViewController.swift */,
				1AA38CAC29D34BB700DB3F60 /* AppDelegate.swift */,
				1AA38CB529D34BB900DB3F60 /* Assets.xcassets */,
				1AA38CB729D34BB900DB3F60 /* LaunchScreen.storyboard */,
				1AA38CBA29D34BB900DB3F60 /* Info.plist */,
			);
			path = ExpandingCellPresenter;
			sourceTree = "<group>";
		};
		1AA38CC329D3507A00DB3F60 /* UI */ = {
			isa = PBXGroup;
			children = (
				1AA38CCA29D3536700DB3F60 /* ContentView */,
				1AA38CD229D43F5A00DB3F60 /* ExpandingCellPresenter */,
			);
			path = UI;
			sourceTree = "<group>";
		};
		1AA38CC429D3508B00DB3F60 /* Views */ = {
			isa = PBXGroup;
			children = (
				1AA38CC529D3516700DB3F60 /* CompactContentView.swift */,
				1AA38CC729D3517700DB3F60 /* FullContentView.swift */,
			);
			path = Views;
			sourceTree = "<group>";
		};
		1AA38CC929D3517F00DB3F60 /* Cell */ = {
			isa = PBXGroup;
			children = (
				1AA38CCB29D3539000DB3F60 /* ContentCell.swift */,
			);
			path = Cell;
			sourceTree = "<group>";
		};
		1AA38CCA29D3536700DB3F60 /* ContentView */ = {
			isa = PBXGroup;
			children = (
				1AA38CC429D3508B00DB3F60 /* Views */,
				1AA38CC929D3517F00DB3F60 /* Cell */,
				1AA38CD029D3550F00DB3F60 /* ContentListView.swift */,
			);
			path = ContentView;
			sourceTree = "<group>";
		};
		1AA38CD229D43F5A00DB3F60 /* ExpandingCellPresenter */ = {
			isa = PBXGroup;
			children = (
				1AA38CD329D43F7900DB3F60 /* ExpandingCellPresenter.swift */,
			);
			path = ExpandingCellPresenter;
			sourceTree = "<group>";
		};
/* End PBXGroup section */

/* Begin PBXNativeTarget section */
		1AA38CA829D34BB700DB3F60 /* ExpandingCellPresenter */ = {
			isa = PBXNativeTarget;
			buildConfigurationList = 1AA38CBD29D34BB900DB3F60 /* Build configuration list for PBXNativeTarget "ExpandingCellPresenter" */;
			buildPhases = (
				1AA38CA529D34BB700DB3F60 /* Sources */,
				1AA38CA629D34BB700DB3F60 /* Frameworks */,
				1AA38CA729D34BB700DB3F60 /* Resources */,
			);
			buildRules = (
			);
			dependencies = (
			);
			name = ExpandingCellPresenter;
			packageProductDependencies = (
				1AA38CC129D34F0000DB3F60 /* PureLayout */,
			);
			productName = ExpandableCellPresenter;
			productReference = 1AA38CA929D34BB700DB3F60 /* ExpandingCellPresenter.app */;
			productType = "com.apple.product-type.application";
		};
/* End PBXNativeTarget section */

/* Begin PBXProject section */
		1AA38CA129D34BB700DB3F60 /* Project object */ = {
			isa = PBXProject;
			attributes = {
				BuildIndependentTargetsInParallel = 1;
				LastSwiftUpdateCheck = 1420;
				LastUpgradeCheck = 1420;
				TargetAttributes = {
					1AA38CA829D34BB700DB3F60 = {
						CreatedOnToolsVersion = 14.2;
					};
				};
			};
			buildConfigurationList = 1AA38CA429D34BB700DB3F60 /* Build configuration list for PBXProject "ExpandingCellPresenter" */;
			compatibilityVersion = "Xcode 14.0";
			developmentRegion = en;
			hasScannedForEncodings = 0;
			knownRegions = (
				en,
				Base,
			);
			mainGroup = 1AA38CA029D34BB700DB3F60;
			packageReferences = (
				1AA38CC029D34F0000DB3F60 /* XCRemoteSwiftPackageReference "PureLayout" */,
			);
			productRefGroup = 1AA38CAA29D34BB700DB3F60 /* Products */;
			projectDirPath = "";
			projectRoot = "";
			targets = (
				1AA38CA829D34BB700DB3F60 /* ExpandingCellPresenter */,
			);
		};
/* End PBXProject section */

/* Begin PBXResourcesBuildPhase section */
		1AA38CA729D34BB700DB3F60 /* Resources */ = {
			isa = PBXResourcesBuildPhase;
			buildActionMask = 2147483647;
			files = (
				1AA38CB929D34BB900DB3F60 /* LaunchScreen.storyboard in Resources */,
				1AA38CB629D34BB900DB3F60 /* Assets.xcassets in Resources */,
			);
			runOnlyForDeploymentPostprocessing = 0;
		};
/* End PBXResourcesBuildPhase section */

/* Begin PBXSourcesBuildPhase section */
		1AA38CA529D34BB700DB3F60 /* Sources */ = {
			isa = PBXSourcesBuildPhase;
			buildActionMask = 2147483647;
			files = (
				1AA38CCC29D3539000DB3F60 /* ContentCell.swift in Sources */,
				1AA38CD429D43F7900DB3F60 /* ExpandingCellPresenter.swift in Sources */,
				1AA38CB129D34BB700DB3F60 /* ViewController.swift in Sources */,
				1AA38CD129D3550F00DB3F60 /* ContentListView.swift in Sources */,
				1AA38CC829D3517700DB3F60 /* FullContentView.swift in Sources */,
				1AA38CC629D3516700DB3F60 /* CompactContentView.swift in Sources */,
				1AA38CAD29D34BB700DB3F60 /* AppDelegate.swift in Sources */,
			);
			runOnlyForDeploymentPostprocessing = 0;
		};
/* End PBXSourcesBuildPhase section */

/* Begin PBXVariantGroup section */
		1AA38CB729D34BB900DB3F60 /* LaunchScreen.storyboard */ = {
			isa = PBXVariantGroup;
			children = (
				1AA38CB829D34BB900DB3F60 /* Base */,
			);
			name = LaunchScreen.storyboard;
			sourceTree = "<group>";
		};
/* End PBXVariantGroup section */

/* Begin XCBuildConfiguration section */
		1AA38CBB29D34BB900DB3F60 /* Debug */ = {
			isa = XCBuildConfiguration;
			buildSettings = {
				ALWAYS_SEARCH_USER_PATHS = NO;
				CLANG_ANALYZER_NONNULL = YES;
				CLANG_ANALYZER_NUMBER_OBJECT_CONVERSION = YES_AGGRESSIVE;
				CLANG_CXX_LANGUAGE_STANDARD = "gnu++20";
				CLANG_ENABLE_MODULES = YES;
				CLANG_ENABLE_OBJC_ARC = YES;
				CLANG_ENABLE_OBJC_WEAK = YES;
				CLANG_WARN_BLOCK_CAPTURE_AUTORELEASING = YES;
				CLANG_WARN_BOOL_CONVERSION = YES;
				CLANG_WARN_COMMA = YES;
				CLANG_WARN_CONSTANT_CONVERSION = YES;
				CLANG_WARN_DEPRECATED_OBJC_IMPLEMENTATIONS = YES;
				CLANG_WARN_DIRECT_OBJC_ISA_USAGE = YES_ERROR;
				CLANG_WARN_DOCUMENTATION_COMMENTS = YES;
				CLANG_WARN_EMPTY_BODY = YES;
				CLANG_WARN_ENUM_CONVERSION = YES;
				CLANG_WARN_INFINITE_RECURSION = YES;
				CLANG_WARN_INT_CONVERSION = YES;
				CLANG_WARN_NON_LITERAL_NULL_CONVERSION = YES;
				CLANG_WARN_OBJC_IMPLICIT_RETAIN_SELF = YES;
				CLANG_WARN_OBJC_LITERAL_CONVERSION = YES;
				CLANG_WARN_OBJC_ROOT_CLASS = YES_ERROR;
				CLANG_WARN_QUOTED_INCLUDE_IN_FRAMEWORK_HEADER = YES;
				CLANG_WARN_RANGE_LOOP_ANALYSIS = YES;
				CLANG_WARN_STRICT_PROTOTYPES = YES;
				CLANG_WARN_SUSPICIOUS_MOVE = YES;
				CLANG_WARN_UNGUARDED_AVAILABILITY = YES_AGGRESSIVE;
				CLANG_WARN_UNREACHABLE_CODE = YES;
				CLANG_WARN__DUPLICATE_METHOD_MATCH = YES;
				COPY_PHASE_STRIP = NO;
				DEBUG_INFORMATION_FORMAT = dwarf;
				ENABLE_STRICT_OBJC_MSGSEND = YES;
				ENABLE_TESTABILITY = YES;
				GCC_C_LANGUAGE_STANDARD = gnu11;
				GCC_DYNAMIC_NO_PIC = NO;
				GCC_NO_COMMON_BLOCKS = YES;
				GCC_OPTIMIZATION_LEVEL = 0;
				GCC_PREPROCESSOR_DEFINITIONS = (
					"DEBUG=1",
					"$(inherited)",
				);
				GCC_WARN_64_TO_32_BIT_CONVERSION = YES;
				GCC_WARN_ABOUT_RETURN_TYPE = YES_ERROR;
				GCC_WARN_UNDECLARED_SELECTOR = YES;
				GCC_WARN_UNINITIALIZED_AUTOS = YES_AGGRESSIVE;
				GCC_WARN_UNUSED_FUNCTION = YES;
				GCC_WARN_UNUSED_VARIABLE = YES;
				IPHONEOS_DEPLOYMENT_TARGET = 11.0;
				MTL_ENABLE_DEBUG_INFO = INCLUDE_SOURCE;
				MTL_FAST_MATH = YES;
				ONLY_ACTIVE_ARCH = YES;
				SDKROOT = iphoneos;
				SWIFT_ACTIVE_COMPILATION_CONDITIONS = DEBUG;
				SWIFT_OPTIMIZATION_LEVEL = "-Onone";
			};
			name = Debug;
		};
		1AA38CBC29D34BB900DB3F60 /* Release */ = {
			isa = XCBuildConfiguration;
			buildSettings = {
				ALWAYS_SEARCH_USER_PATHS = NO;
				CLANG_ANALYZER_NONNULL = YES;
				CLANG_ANALYZER_NUMBER_OBJECT_CONVERSION = YES_AGGRESSIVE;
				CLANG_CXX_LANGUAGE_STANDARD = "gnu++20";
				CLANG_ENABLE_MODULES = YES;
				CLANG_ENABLE_OBJC_ARC = YES;
				CLANG_ENABLE_OBJC_WEAK = YES;
				CLANG_WARN_BLOCK_CAPTURE_AUTORELEASING = YES;
				CLANG_WARN_BOOL_CONVERSION = YES;
				CLANG_WARN_COMMA = YES;
				CLANG_WARN_CONSTANT_CONVERSION = YES;
				CLANG_WARN_DEPRECATED_OBJC_IMPLEMENTATIONS = YES;
				CLANG_WARN_DIRECT_OBJC_ISA_USAGE = YES_ERROR;
				CLANG_WARN_DOCUMENTATION_COMMENTS = YES;
				CLANG_WARN_EMPTY_BODY = YES;
				CLANG_WARN_ENUM_CONVERSION = YES;
				CLANG_WARN_INFINITE_RECURSION = YES;
				CLANG_WARN_INT_CONVERSION = YES;
				CLANG_WARN_NON_LITERAL_NULL_CONVERSION = YES;
				CLANG_WARN_OBJC_IMPLICIT_RETAIN_SELF = YES;
				CLANG_WARN_OBJC_LITERAL_CONVERSION = YES;
				CLANG_WARN_OBJC_ROOT_CLASS = YES_ERROR;
				CLANG_WARN_QUOTED_INCLUDE_IN_FRAMEWORK_HEADER = YES;
				CLANG_WARN_RANGE_LOOP_ANALYSIS = YES;
				CLANG_WARN_STRICT_PROTOTYPES = YES;
				CLANG_WARN_SUSPICIOUS_MOVE = YES;
				CLANG_WARN_UNGUARDED_AVAILABILITY = YES_AGGRESSIVE;
				CLANG_WARN_UNREACHABLE_CODE = YES;
				CLANG_WARN__DUPLICATE_METHOD_MATCH = YES;
				COPY_PHASE_STRIP = NO;
				DEBUG_INFORMATION_FORMAT = "dwarf-with-dsym";
				ENABLE_NS_ASSERTIONS = NO;
				ENABLE_STRICT_OBJC_MSGSEND = YES;
				GCC_C_LANGUAGE_STANDARD = gnu11;
				GCC_NO_COMMON_BLOCKS = YES;
				GCC_WARN_64_TO_32_BIT_CONVERSION = YES;
				GCC_WARN_ABOUT_RETURN_TYPE = YES_ERROR;
				GCC_WARN_UNDECLARED_SELECTOR = YES;
				GCC_WARN_UNINITIALIZED_AUTOS = YES_AGGRESSIVE;
				GCC_WARN_UNUSED_FUNCTION = YES;
				GCC_WARN_UNUSED_VARIABLE = YES;
				IPHONEOS_DEPLOYMENT_TARGET = 11.0;
				MTL_ENABLE_DEBUG_INFO = NO;
				MTL_FAST_MATH = YES;
				SDKROOT = iphoneos;
				SWIFT_COMPILATION_MODE = wholemodule;
				SWIFT_OPTIMIZATION_LEVEL = "-O";
				VALIDATE_PRODUCT = YES;
			};
			name = Release;
		};
		1AA38CBE29D34BB900DB3F60 /* Debug */ = {
			isa = XCBuildConfiguration;
			buildSettings = {
				ASSETCATALOG_COMPILER_APPICON_NAME = AppIcon;
				ASSETCATALOG_COMPILER_GLOBAL_ACCENT_COLOR_NAME = AccentColor;
				CODE_SIGN_STYLE = Automatic;
				CURRENT_PROJECT_VERSION = 1;
				GENERATE_INFOPLIST_FILE = YES;
				INFOPLIST_FILE = ExpandingCellPresenter/Info.plist;
				INFOPLIST_KEY_UIApplicationSupportsIndirectInputEvents = YES;
				INFOPLIST_KEY_UILaunchStoryboardName = LaunchScreen;
				INFOPLIST_KEY_UIMainStoryboardFile = "";
				INFOPLIST_KEY_UISupportedInterfaceOrientations_iPad = "UIInterfaceOrientationPortrait UIInterfaceOrientationPortraitUpsideDown UIInterfaceOrientationLandscapeLeft UIInterfaceOrientationLandscapeRight";
				INFOPLIST_KEY_UISupportedInterfaceOrientations_iPhone = "UIInterfaceOrientationPortrait UIInterfaceOrientationLandscapeLeft UIInterfaceOrientationLandscapeRight";
				IPHONEOS_DEPLOYMENT_TARGET = 11.0;
				LD_RUNPATH_SEARCH_PATHS = (
					"$(inherited)",
					"@executable_path/Frameworks",
				);
				MARKETING_VERSION = 1.0;
				PRODUCT_BUNDLE_IDENTIFIER = "Eigo-Madaloja.ExpandingCellPresenter";
				PRODUCT_NAME = "$(TARGET_NAME)";
				SWIFT_EMIT_LOC_STRINGS = YES;
				SWIFT_VERSION = 5.0;
				TARGETED_DEVICE_FAMILY = "1,2";
			};
			name = Debug;
		};
		1AA38CBF29D34BB900DB3F60 /* Release */ = {
			isa = XCBuildConfiguration;
			buildSettings = {
				ASSETCATALOG_COMPILER_APPICON_NAME = AppIcon;
				ASSETCATALOG_COMPILER_GLOBAL_ACCENT_COLOR_NAME = AccentColor;
				CODE_SIGN_STYLE = Automatic;
				CURRENT_PROJECT_VERSION = 1;
				GENERATE_INFOPLIST_FILE = YES;
				INFOPLIST_FILE = ExpandingCellPresenter/Info.plist;
				INFOPLIST_KEY_UIApplicationSupportsIndirectInputEvents = YES;
				INFOPLIST_KEY_UILaunchStoryboardName = LaunchScreen;
				INFOPLIST_KEY_UIMainStoryboardFile = "";
				INFOPLIST_KEY_UISupportedInterfaceOrientations_iPad = "UIInterfaceOrientationPortrait UIInterfaceOrientationPortraitUpsideDown UIInterfaceOrientationLandscapeLeft UIInterfaceOrientationLandscapeRight";
				INFOPLIST_KEY_UISupportedInterfaceOrientations_iPhone = "UIInterfaceOrientationPortrait UIInterfaceOrientationLandscapeLeft UIInterfaceOrientationLandscapeRight";
				IPHONEOS_DEPLOYMENT_TARGET = 11.0;
				LD_RUNPATH_SEARCH_PATHS = (
					"$(inherited)",
					"@executable_path/Frameworks",
				);
				MARKETING_VERSION = 1.0;
				PRODUCT_BUNDLE_IDENTIFIER = "Eigo-Madaloja.ExpandingCellPresenter";
				PRODUCT_NAME = "$(TARGET_NAME)";
				SWIFT_EMIT_LOC_STRINGS = YES;
				SWIFT_VERSION = 5.0;
				TARGETED_DEVICE_FAMILY = "1,2";
			};
			name = Release;
		};
/* End XCBuildConfiguration section */

/* Begin XCConfigurationList section */
		1AA38CA429D34BB700DB3F60 /* Build configuration list for PBXProject "ExpandingCellPresenter" */ = {
			isa = XCConfigurationList;
			buildConfigurations = (
				1AA38CBB29D34BB900DB3F60 /* Debug */,
				1AA38CBC29D34BB900DB3F60 /* Release */,
			);
			defaultConfigurationIsVisible = 0;
			defaultConfigurationName = Release;
		};
		1AA38CBD29D34BB900DB3F60 /* Build configuration list for PBXNativeTarget "ExpandingCellPresenter" */ = {
			isa = XCConfigurationList;
			buildConfigurations = (
				1AA38CBE29D34BB900DB3F60 /* Debug */,
				1AA38CBF29D34BB900DB3F60 /* Release */,
			);
			defaultConfigurationIsVisible = 0;
			defaultConfigurationName = Release;
		};
/* End XCConfigurationList section */

/* Begin XCRemoteSwiftPackageReference section */
		1AA38CC029D34F0000DB3F60 /* XCRemoteSwiftPackageReference "PureLayout" */ = {
			isa = XCRemoteSwiftPackageReference;
			repositoryURL = "https://github.com/PureLayout/PureLayout.git";
			requirement = {
				kind = exactVersion;
				version = 3.1.9;
			};
		};
/* End XCRemoteSwiftPackageReference section */

/* Begin XCSwiftPackageProductDependency section */
		1AA38CC129D34F0000DB3F60 /* PureLayout */ = {
			isa = XCSwiftPackageProductDependency;
			package = 1AA38CC029D34F0000DB3F60 /* XCRemoteSwiftPackageReference "PureLayout" */;
			productName = PureLayout;
		};
/* End XCSwiftPackageProductDependency section */
	};
	rootObject = 1AA38CA129D34BB700DB3F60 /* Project object */;
}
